// !$*UTF8*$!
{
	archiveVersion = 1;
	classes = {
	};
	objectVersion = 56;
	objects = {

/* Begin PBXBuildFile section */
		5FAC0EF22C05EB8700323BC8 /* WKWebViewUI.swift in Sources */ = {isa = PBXBuildFile; fileRef = 5FAC0EF12C05EB8700323BC8 /* WKWebViewUI.swift */; };
		5FB340502C0595CA000B7A53 /* K_SpamApp.swift in Sources */ = {isa = PBXBuildFile; fileRef = 5FB3404F2C0595CA000B7A53 /* K_SpamApp.swift */; };
		5FB340542C0595CB000B7A53 /* Assets.xcassets in Resources */ = {isa = PBXBuildFile; fileRef = 5FB340532C0595CB000B7A53 /* Assets.xcassets */; };
		5FB340572C0595CB000B7A53 /* Preview Assets.xcassets in Resources */ = {isa = PBXBuildFile; fileRef = 5FB340562C0595CB000B7A53 /* Preview Assets.xcassets */; };
		5FB340612C0595CB000B7A53 /* K_SpamTests.swift in Sources */ = {isa = PBXBuildFile; fileRef = 5FB340602C0595CB000B7A53 /* K_SpamTests.swift */; };
		5FB3406B2C0595CB000B7A53 /* K_SpamUITests.swift in Sources */ = {isa = PBXBuildFile; fileRef = 5FB3406A2C0595CB000B7A53 /* K_SpamUITests.swift */; };
		5FB3406D2C0595CB000B7A53 /* K_SpamUITestsLaunchTests.swift in Sources */ = {isa = PBXBuildFile; fileRef = 5FB3406C2C0595CB000B7A53 /* K_SpamUITestsLaunchTests.swift */; };
		5FB3407B2C05965D000B7A53 /* Lottie in Frameworks */ = {isa = PBXBuildFile; productRef = 5FB3407A2C05965D000B7A53 /* Lottie */; };
		5FB3408A2C0596A8000B7A53 /* OnboardingMainView.swift in Sources */ = {isa = PBXBuildFile; fileRef = 5FB3407C2C0596A8000B7A53 /* OnboardingMainView.swift */; };
		5FB3408B2C0596A8000B7A53 /* OnboardingPages.swift in Sources */ = {isa = PBXBuildFile; fileRef = 5FB3407D2C0596A8000B7A53 /* OnboardingPages.swift */; };
		5FB3408C2C0596A8000B7A53 /* EditSpecialCharacterView.swift in Sources */ = {isa = PBXBuildFile; fileRef = 5FB3407F2C0596A8000B7A53 /* EditSpecialCharacterView.swift */; };
		5FB3408D2C0596A8000B7A53 /* FilterSettingView.swift in Sources */ = {isa = PBXBuildFile; fileRef = 5FB340802C0596A8000B7A53 /* FilterSettingView.swift */; };
		5FB3408E2C0596A8000B7A53 /* HomeView.swift in Sources */ = {isa = PBXBuildFile; fileRef = 5FB340812C0596A8000B7A53 /* HomeView.swift */; };
		5FB340902C0596A8000B7A53 /* MainHome.json in Resources */ = {isa = PBXBuildFile; fileRef = 5FB340852C0596A8000B7A53 /* MainHome.json */; };
		5FB340912C0596A8000B7A53 /* Slider.json in Resources */ = {isa = PBXBuildFile; fileRef = 5FB340862C0596A8000B7A53 /* Slider.json */; };
		5FB340922C0596A8000B7A53 /* UserDefaultsManager.swift in Sources */ = {isa = PBXBuildFile; fileRef = 5FB340882C0596A8000B7A53 /* UserDefaultsManager.swift */; };
		5FB3409A2C0599FE000B7A53 /* MessageFilterExtension.swift in Sources */ = {isa = PBXBuildFile; fileRef = 5FB340992C0599FE000B7A53 /* MessageFilterExtension.swift */; };
		5FB3409E2C0599FE000B7A53 /* K-SpamFilter.appex in Embed Foundation Extensions */ = {isa = PBXBuildFile; fileRef = 5FB340972C0599FE000B7A53 /* K-SpamFilter.appex */; settings = {ATTRIBUTES = (RemoveHeadersOnCopy, ); }; };
		5FB340A42C059A8F000B7A53 /* FilterExtension.swift in Sources */ = {isa = PBXBuildFile; fileRef = 5FB340A32C059A8F000B7A53 /* FilterExtension.swift */; };
		5FB340A52C059AC7000B7A53 /* UserDefaultsManager.swift in Sources */ = {isa = PBXBuildFile; fileRef = 5FB340882C0596A8000B7A53 /* UserDefaultsManager.swift */; };
		5FFC81C12C077B06009DC5C1 /* MainTabView.swift in Sources */ = {isa = PBXBuildFile; fileRef = 5FFC81C02C077B06009DC5C1 /* MainTabView.swift */; };
		5FFC81C32C077B34009DC5C1 /* MainTapPages.swift in Sources */ = {isa = PBXBuildFile; fileRef = 5FFC81C22C077B34009DC5C1 /* MainTapPages.swift */; };
		5FFC81C72C0784EF009DC5C1 /* WordFilterView.swift in Sources */ = {isa = PBXBuildFile; fileRef = 5FFC81C62C0784EF009DC5C1 /* WordFilterView.swift */; };
		5FFC81C92C078A52009DC5C1 /* FilterLogicView.swift in Sources */ = {isa = PBXBuildFile; fileRef = 5FFC81C82C078A52009DC5C1 /* FilterLogicView.swift */; };
		5FFC81CC2C079265009DC5C1 /* CustomSettingView.swift in Sources */ = {isa = PBXBuildFile; fileRef = 5FFC81CB2C079265009DC5C1 /* CustomSettingView.swift */; };
/* End PBXBuildFile section */

/* Begin PBXContainerItemProxy section */
		5FB3405D2C0595CB000B7A53 /* PBXContainerItemProxy */ = {
			isa = PBXContainerItemProxy;
			containerPortal = 5FB340442C0595CA000B7A53 /* Project object */;
			proxyType = 1;
			remoteGlobalIDString = 5FB3404B2C0595CA000B7A53;
			remoteInfo = "K-Spam";
		};
		5FB340672C0595CB000B7A53 /* PBXContainerItemProxy */ = {
			isa = PBXContainerItemProxy;
			containerPortal = 5FB340442C0595CA000B7A53 /* Project object */;
			proxyType = 1;
			remoteGlobalIDString = 5FB3404B2C0595CA000B7A53;
			remoteInfo = "K-Spam";
		};
		5FB3409C2C0599FE000B7A53 /* PBXContainerItemProxy */ = {
			isa = PBXContainerItemProxy;
			containerPortal = 5FB340442C0595CA000B7A53 /* Project object */;
			proxyType = 1;
			remoteGlobalIDString = 5FB340962C0599FE000B7A53;
			remoteInfo = "K-SpamFilter";
		};
/* End PBXContainerItemProxy section */

/* Begin PBXCopyFilesBuildPhase section */
		5FB340A22C0599FE000B7A53 /* Embed Foundation Extensions */ = {
			isa = PBXCopyFilesBuildPhase;
			buildActionMask = 2147483647;
			dstPath = "";
			dstSubfolderSpec = 13;
			files = (
				5FB3409E2C0599FE000B7A53 /* K-SpamFilter.appex in Embed Foundation Extensions */,
			);
			name = "Embed Foundation Extensions";
			runOnlyForDeploymentPostprocessing = 0;
		};
/* End PBXCopyFilesBuildPhase section */

/* Begin PBXFileReference section */
		5FAC0EEF2C05D8D300323BC8 /* K-Spam.entitlements */ = {isa = PBXFileReference; lastKnownFileType = text.plist.entitlements; path = "K-Spam.entitlements"; sourceTree = "<group>"; };
		5FAC0EF02C05D8E100323BC8 /* K-SpamFilter.entitlements */ = {isa = PBXFileReference; lastKnownFileType = text.plist.entitlements; path = "K-SpamFilter.entitlements"; sourceTree = "<group>"; };
		5FAC0EF12C05EB8700323BC8 /* WKWebViewUI.swift */ = {isa = PBXFileReference; lastKnownFileType = sourcecode.swift; path = WKWebViewUI.swift; sourceTree = "<group>"; };
		5FB3404C2C0595CA000B7A53 /* K-Spam.app */ = {isa = PBXFileReference; explicitFileType = wrapper.application; includeInIndex = 0; path = "K-Spam.app"; sourceTree = BUILT_PRODUCTS_DIR; };
		5FB3404F2C0595CA000B7A53 /* K_SpamApp.swift */ = {isa = PBXFileReference; lastKnownFileType = sourcecode.swift; path = K_SpamApp.swift; sourceTree = "<group>"; };
		5FB340532C0595CB000B7A53 /* Assets.xcassets */ = {isa = PBXFileReference; lastKnownFileType = folder.assetcatalog; path = Assets.xcassets; sourceTree = "<group>"; };
		5FB340562C0595CB000B7A53 /* Preview Assets.xcassets */ = {isa = PBXFileReference; lastKnownFileType = folder.assetcatalog; path = "Preview Assets.xcassets"; sourceTree = "<group>"; };
		5FB3405C2C0595CB000B7A53 /* K-SpamTests.xctest */ = {isa = PBXFileReference; explicitFileType = wrapper.cfbundle; includeInIndex = 0; path = "K-SpamTests.xctest"; sourceTree = BUILT_PRODUCTS_DIR; };
		5FB340602C0595CB000B7A53 /* K_SpamTests.swift */ = {isa = PBXFileReference; lastKnownFileType = sourcecode.swift; path = K_SpamTests.swift; sourceTree = "<group>"; };
		5FB340662C0595CB000B7A53 /* K-SpamUITests.xctest */ = {isa = PBXFileReference; explicitFileType = wrapper.cfbundle; includeInIndex = 0; path = "K-SpamUITests.xctest"; sourceTree = BUILT_PRODUCTS_DIR; };
		5FB3406A2C0595CB000B7A53 /* K_SpamUITests.swift */ = {isa = PBXFileReference; lastKnownFileType = sourcecode.swift; path = K_SpamUITests.swift; sourceTree = "<group>"; };
		5FB3406C2C0595CB000B7A53 /* K_SpamUITestsLaunchTests.swift */ = {isa = PBXFileReference; lastKnownFileType = sourcecode.swift; path = K_SpamUITestsLaunchTests.swift; sourceTree = "<group>"; };
		5FB3407C2C0596A8000B7A53 /* OnboardingMainView.swift */ = {isa = PBXFileReference; fileEncoding = 4; lastKnownFileType = sourcecode.swift; path = OnboardingMainView.swift; sourceTree = "<group>"; };
		5FB3407D2C0596A8000B7A53 /* OnboardingPages.swift */ = {isa = PBXFileReference; fileEncoding = 4; lastKnownFileType = sourcecode.swift; path = OnboardingPages.swift; sourceTree = "<group>"; };
		5FB3407F2C0596A8000B7A53 /* EditSpecialCharacterView.swift */ = {isa = PBXFileReference; fileEncoding = 4; lastKnownFileType = sourcecode.swift; path = EditSpecialCharacterView.swift; sourceTree = "<group>"; };
		5FB340802C0596A8000B7A53 /* FilterSettingView.swift */ = {isa = PBXFileReference; fileEncoding = 4; lastKnownFileType = sourcecode.swift; path = FilterSettingView.swift; sourceTree = "<group>"; };
		5FB340812C0596A8000B7A53 /* HomeView.swift */ = {isa = PBXFileReference; fileEncoding = 4; lastKnownFileType = sourcecode.swift; path = HomeView.swift; sourceTree = "<group>"; };
		5FB340852C0596A8000B7A53 /* MainHome.json */ = {isa = PBXFileReference; fileEncoding = 4; lastKnownFileType = text.json; path = MainHome.json; sourceTree = "<group>"; };
		5FB340862C0596A8000B7A53 /* Slider.json */ = {isa = PBXFileReference; fileEncoding = 4; lastKnownFileType = text.json; path = Slider.json; sourceTree = "<group>"; };
		5FB340882C0596A8000B7A53 /* UserDefaultsManager.swift */ = {isa = PBXFileReference; fileEncoding = 4; lastKnownFileType = sourcecode.swift; path = UserDefaultsManager.swift; sourceTree = "<group>"; };
		5FB340972C0599FE000B7A53 /* K-SpamFilter.appex */ = {isa = PBXFileReference; explicitFileType = "wrapper.app-extension"; includeInIndex = 0; path = "K-SpamFilter.appex"; sourceTree = BUILT_PRODUCTS_DIR; };
		5FB340992C0599FE000B7A53 /* MessageFilterExtension.swift */ = {isa = PBXFileReference; lastKnownFileType = sourcecode.swift; path = MessageFilterExtension.swift; sourceTree = "<group>"; };
		5FB3409B2C0599FE000B7A53 /* Info.plist */ = {isa = PBXFileReference; lastKnownFileType = text.plist.xml; path = Info.plist; sourceTree = "<group>"; };
		5FB340A32C059A8F000B7A53 /* FilterExtension.swift */ = {isa = PBXFileReference; lastKnownFileType = sourcecode.swift; path = FilterExtension.swift; sourceTree = "<group>"; };
		5FFC81C02C077B06009DC5C1 /* MainTabView.swift */ = {isa = PBXFileReference; lastKnownFileType = sourcecode.swift; path = MainTabView.swift; sourceTree = "<group>"; };
		5FFC81C22C077B34009DC5C1 /* MainTapPages.swift */ = {isa = PBXFileReference; lastKnownFileType = sourcecode.swift; path = MainTapPages.swift; sourceTree = "<group>"; };
		5FFC81C62C0784EF009DC5C1 /* WordFilterView.swift */ = {isa = PBXFileReference; lastKnownFileType = sourcecode.swift; path = WordFilterView.swift; sourceTree = "<group>"; };
		5FFC81C82C078A52009DC5C1 /* FilterLogicView.swift */ = {isa = PBXFileReference; lastKnownFileType = sourcecode.swift; path = FilterLogicView.swift; sourceTree = "<group>"; };
		5FFC81CB2C079265009DC5C1 /* CustomSettingView.swift */ = {isa = PBXFileReference; lastKnownFileType = sourcecode.swift; path = CustomSettingView.swift; sourceTree = "<group>"; };
/* End PBXFileReference section */

/* Begin PBXFrameworksBuildPhase section */
		5FB340492C0595CA000B7A53 /* Frameworks */ = {
			isa = PBXFrameworksBuildPhase;
			buildActionMask = 2147483647;
			files = (
				5FB3407B2C05965D000B7A53 /* Lottie in Frameworks */,
			);
			runOnlyForDeploymentPostprocessing = 0;
		};
		5FB340592C0595CB000B7A53 /* Frameworks */ = {
			isa = PBXFrameworksBuildPhase;
			buildActionMask = 2147483647;
			files = (
			);
			runOnlyForDeploymentPostprocessing = 0;
		};
		5FB340632C0595CB000B7A53 /* Frameworks */ = {
			isa = PBXFrameworksBuildPhase;
			buildActionMask = 2147483647;
			files = (
			);
			runOnlyForDeploymentPostprocessing = 0;
		};
		5FB340942C0599FE000B7A53 /* Frameworks */ = {
			isa = PBXFrameworksBuildPhase;
			buildActionMask = 2147483647;
			files = (
			);
			runOnlyForDeploymentPostprocessing = 0;
		};
/* End PBXFrameworksBuildPhase section */

/* Begin PBXGroup section */
		5FB340432C0595CA000B7A53 = {
			isa = PBXGroup;
			children = (
				5FB3404E2C0595CA000B7A53 /* K-Spam */,
				5FB3405F2C0595CB000B7A53 /* K-SpamTests */,
				5FB340692C0595CB000B7A53 /* K-SpamUITests */,
				5FB340982C0599FE000B7A53 /* K-SpamFilter */,
				5FB3404D2C0595CA000B7A53 /* Products */,
			);
			sourceTree = "<group>";
		};
		5FB3404D2C0595CA000B7A53 /* Products */ = {
			isa = PBXGroup;
			children = (
				5FB3404C2C0595CA000B7A53 /* K-Spam.app */,
				5FB3405C2C0595CB000B7A53 /* K-SpamTests.xctest */,
				5FB340662C0595CB000B7A53 /* K-SpamUITests.xctest */,
				5FB340972C0599FE000B7A53 /* K-SpamFilter.appex */,
			);
			name = Products;
			sourceTree = "<group>";
		};
		5FB3404E2C0595CA000B7A53 /* K-Spam */ = {
			isa = PBXGroup;
			children = (
				5FAC0EEF2C05D8D300323BC8 /* K-Spam.entitlements */,
				5FB340872C0596A8000B7A53 /* Lottie */,
				5FB340892C0596A8000B7A53 /* Manager */,
				5FB340842C0596A8000B7A53 /* Model */,
				5FB340822C0596A8000B7A53 /* View */,
				5FB3404F2C0595CA000B7A53 /* K_SpamApp.swift */,
				5FB340532C0595CB000B7A53 /* Assets.xcassets */,
				5FB340552C0595CB000B7A53 /* Preview Content */,
			);
			path = "K-Spam";
			sourceTree = "<group>";
		};
		5FB340552C0595CB000B7A53 /* Preview Content */ = {
			isa = PBXGroup;
			children = (
				5FB340562C0595CB000B7A53 /* Preview Assets.xcassets */,
			);
			path = "Preview Content";
			sourceTree = "<group>";
		};
		5FB3405F2C0595CB000B7A53 /* K-SpamTests */ = {
			isa = PBXGroup;
			children = (
				5FB340602C0595CB000B7A53 /* K_SpamTests.swift */,
			);
			path = "K-SpamTests";
			sourceTree = "<group>";
		};
		5FB340692C0595CB000B7A53 /* K-SpamUITests */ = {
			isa = PBXGroup;
			children = (
				5FB3406A2C0595CB000B7A53 /* K_SpamUITests.swift */,
				5FB3406C2C0595CB000B7A53 /* K_SpamUITestsLaunchTests.swift */,
			);
			path = "K-SpamUITests";
			sourceTree = "<group>";
		};
		5FB3407E2C0596A8000B7A53 /* Onboarding */ = {
			isa = PBXGroup;
			children = (
				5FB3407C2C0596A8000B7A53 /* OnboardingMainView.swift */,
				5FB3407D2C0596A8000B7A53 /* OnboardingPages.swift */,
				5FAC0EF12C05EB8700323BC8 /* WKWebViewUI.swift */,
			);
			path = Onboarding;
			sourceTree = "<group>";
		};
		5FB340822C0596A8000B7A53 /* View */ = {
			isa = PBXGroup;
			children = (
				5FFC81C42C078456009DC5C1 /* Main */,
				5FB3407E2C0596A8000B7A53 /* Onboarding */,
				5FFC81C02C077B06009DC5C1 /* MainTabView.swift */,
			);
			path = View;
			sourceTree = "<group>";
		};
		5FB340842C0596A8000B7A53 /* Model */ = {
			isa = PBXGroup;
			children = (
				5FFC81C22C077B34009DC5C1 /* MainTapPages.swift */,
			);
			path = Model;
			sourceTree = "<group>";
		};
		5FB340872C0596A8000B7A53 /* Lottie */ = {
			isa = PBXGroup;
			children = (
				5FB340852C0596A8000B7A53 /* MainHome.json */,
				5FB340862C0596A8000B7A53 /* Slider.json */,
			);
			path = Lottie;
			sourceTree = "<group>";
		};
		5FB340892C0596A8000B7A53 /* Manager */ = {
			isa = PBXGroup;
			children = (
				5FB340882C0596A8000B7A53 /* UserDefaultsManager.swift */,
			);
			path = Manager;
			sourceTree = "<group>";
		};
		5FB340982C0599FE000B7A53 /* K-SpamFilter */ = {
			isa = PBXGroup;
			children = (
				5FAC0EF02C05D8E100323BC8 /* K-SpamFilter.entitlements */,
				5FB340992C0599FE000B7A53 /* MessageFilterExtension.swift */,
				5FB340A32C059A8F000B7A53 /* FilterExtension.swift */,
				5FB3409B2C0599FE000B7A53 /* Info.plist */,
			);
			path = "K-SpamFilter";
			sourceTree = "<group>";
		};
		5FFC81C42C078456009DC5C1 /* Main */ = {
			isa = PBXGroup;
			children = (
				5FB340812C0596A8000B7A53 /* HomeView.swift */,
				5FFC81C82C078A52009DC5C1 /* FilterLogicView.swift */,
				5FFC81C52C078460009DC5C1 /* WordFilter */,
				5FFC81CA2C079248009DC5C1 /* CustomSetting */,
			);
			path = Main;
			sourceTree = "<group>";
		};
		5FFC81C52C078460009DC5C1 /* WordFilter */ = {
			isa = PBXGroup;
			children = (
				5FB3407F2C0596A8000B7A53 /* EditSpecialCharacterView.swift */,
				5FFC81C62C0784EF009DC5C1 /* WordFilterView.swift */,
			);
			path = WordFilter;
			sourceTree = "<group>";
		};
		5FFC81CA2C079248009DC5C1 /* CustomSetting */ = {
			isa = PBXGroup;
			children = (
				5FB340802C0596A8000B7A53 /* FilterSettingView.swift */,
				5FFC81CB2C079265009DC5C1 /* CustomSettingView.swift */,
			);
			path = CustomSetting;
			sourceTree = "<group>";
		};
/* End PBXGroup section */

/* Begin PBXNativeTarget section */
		5FB3404B2C0595CA000B7A53 /* K-Spam */ = {
			isa = PBXNativeTarget;
			buildConfigurationList = 5FB340702C0595CB000B7A53 /* Build configuration list for PBXNativeTarget "K-Spam" */;
			buildPhases = (
				5FB340482C0595CA000B7A53 /* Sources */,
				5FB340492C0595CA000B7A53 /* Frameworks */,
				5FB3404A2C0595CA000B7A53 /* Resources */,
				5FB340A22C0599FE000B7A53 /* Embed Foundation Extensions */,
			);
			buildRules = (
			);
			dependencies = (
				5FB3409D2C0599FE000B7A53 /* PBXTargetDependency */,
			);
			name = "K-Spam";
			packageProductDependencies = (
				5FB3407A2C05965D000B7A53 /* Lottie */,
			);
			productName = "K-Spam";
			productReference = 5FB3404C2C0595CA000B7A53 /* K-Spam.app */;
			productType = "com.apple.product-type.application";
		};
		5FB3405B2C0595CB000B7A53 /* K-SpamTests */ = {
			isa = PBXNativeTarget;
			buildConfigurationList = 5FB340732C0595CB000B7A53 /* Build configuration list for PBXNativeTarget "K-SpamTests" */;
			buildPhases = (
				5FB340582C0595CB000B7A53 /* Sources */,
				5FB340592C0595CB000B7A53 /* Frameworks */,
				5FB3405A2C0595CB000B7A53 /* Resources */,
			);
			buildRules = (
			);
			dependencies = (
				5FB3405E2C0595CB000B7A53 /* PBXTargetDependency */,
			);
			name = "K-SpamTests";
			productName = "K-SpamTests";
			productReference = 5FB3405C2C0595CB000B7A53 /* K-SpamTests.xctest */;
			productType = "com.apple.product-type.bundle.unit-test";
		};
		5FB340652C0595CB000B7A53 /* K-SpamUITests */ = {
			isa = PBXNativeTarget;
			buildConfigurationList = 5FB340762C0595CB000B7A53 /* Build configuration list for PBXNativeTarget "K-SpamUITests" */;
			buildPhases = (
				5FB340622C0595CB000B7A53 /* Sources */,
				5FB340632C0595CB000B7A53 /* Frameworks */,
				5FB340642C0595CB000B7A53 /* Resources */,
			);
			buildRules = (
			);
			dependencies = (
				5FB340682C0595CB000B7A53 /* PBXTargetDependency */,
			);
			name = "K-SpamUITests";
			productName = "K-SpamUITests";
			productReference = 5FB340662C0595CB000B7A53 /* K-SpamUITests.xctest */;
			productType = "com.apple.product-type.bundle.ui-testing";
		};
		5FB340962C0599FE000B7A53 /* K-SpamFilter */ = {
			isa = PBXNativeTarget;
			buildConfigurationList = 5FB3409F2C0599FE000B7A53 /* Build configuration list for PBXNativeTarget "K-SpamFilter" */;
			buildPhases = (
				5FB340932C0599FE000B7A53 /* Sources */,
				5FB340942C0599FE000B7A53 /* Frameworks */,
				5FB340952C0599FE000B7A53 /* Resources */,
			);
			buildRules = (
			);
			dependencies = (
			);
			name = "K-SpamFilter";
			productName = "K-SpamFilter";
			productReference = 5FB340972C0599FE000B7A53 /* K-SpamFilter.appex */;
			productType = "com.apple.product-type.app-extension";
		};
/* End PBXNativeTarget section */

/* Begin PBXProject section */
		5FB340442C0595CA000B7A53 /* Project object */ = {
			isa = PBXProject;
			attributes = {
				BuildIndependentTargetsInParallel = 1;
				LastSwiftUpdateCheck = 1540;
				LastUpgradeCheck = 1540;
				TargetAttributes = {
					5FB3404B2C0595CA000B7A53 = {
						CreatedOnToolsVersion = 15.4;
					};
					5FB3405B2C0595CB000B7A53 = {
						CreatedOnToolsVersion = 15.4;
						TestTargetID = 5FB3404B2C0595CA000B7A53;
					};
					5FB340652C0595CB000B7A53 = {
						CreatedOnToolsVersion = 15.4;
						TestTargetID = 5FB3404B2C0595CA000B7A53;
					};
					5FB340962C0599FE000B7A53 = {
						CreatedOnToolsVersion = 15.4;
					};
				};
			};
			buildConfigurationList = 5FB340472C0595CA000B7A53 /* Build configuration list for PBXProject "K-Spam" */;
			compatibilityVersion = "Xcode 14.0";
			developmentRegion = en;
			hasScannedForEncodings = 0;
			knownRegions = (
				en,
				Base,
			);
			mainGroup = 5FB340432C0595CA000B7A53;
			packageReferences = (
				5FB340792C05965D000B7A53 /* XCRemoteSwiftPackageReference "lottie-ios" */,
			);
			productRefGroup = 5FB3404D2C0595CA000B7A53 /* Products */;
			projectDirPath = "";
			projectRoot = "";
			targets = (
				5FB3404B2C0595CA000B7A53 /* K-Spam */,
				5FB3405B2C0595CB000B7A53 /* K-SpamTests */,
				5FB340652C0595CB000B7A53 /* K-SpamUITests */,
				5FB340962C0599FE000B7A53 /* K-SpamFilter */,
			);
		};
/* End PBXProject section */

/* Begin PBXResourcesBuildPhase section */
		5FB3404A2C0595CA000B7A53 /* Resources */ = {
			isa = PBXResourcesBuildPhase;
			buildActionMask = 2147483647;
			files = (
				5FB340572C0595CB000B7A53 /* Preview Assets.xcassets in Resources */,
				5FB340902C0596A8000B7A53 /* MainHome.json in Resources */,
				5FB340912C0596A8000B7A53 /* Slider.json in Resources */,
				5FB340542C0595CB000B7A53 /* Assets.xcassets in Resources */,
			);
			runOnlyForDeploymentPostprocessing = 0;
		};
		5FB3405A2C0595CB000B7A53 /* Resources */ = {
			isa = PBXResourcesBuildPhase;
			buildActionMask = 2147483647;
			files = (
			);
			runOnlyForDeploymentPostprocessing = 0;
		};
		5FB340642C0595CB000B7A53 /* Resources */ = {
			isa = PBXResourcesBuildPhase;
			buildActionMask = 2147483647;
			files = (
			);
			runOnlyForDeploymentPostprocessing = 0;
		};
		5FB340952C0599FE000B7A53 /* Resources */ = {
			isa = PBXResourcesBuildPhase;
			buildActionMask = 2147483647;
			files = (
			);
			runOnlyForDeploymentPostprocessing = 0;
		};
/* End PBXResourcesBuildPhase section */

/* Begin PBXSourcesBuildPhase section */
		5FB340482C0595CA000B7A53 /* Sources */ = {
			isa = PBXSourcesBuildPhase;
			buildActionMask = 2147483647;
			files = (
				5FB3408E2C0596A8000B7A53 /* HomeView.swift in Sources */,
				5FFC81C92C078A52009DC5C1 /* FilterLogicView.swift in Sources */,
				5FFC81C32C077B34009DC5C1 /* MainTapPages.swift in Sources */,
				5FB3408D2C0596A8000B7A53 /* FilterSettingView.swift in Sources */,
				5FB3408A2C0596A8000B7A53 /* OnboardingMainView.swift in Sources */,
				5FB340922C0596A8000B7A53 /* UserDefaultsManager.swift in Sources */,
				5FB340502C0595CA000B7A53 /* K_SpamApp.swift in Sources */,
				5FB3408B2C0596A8000B7A53 /* OnboardingPages.swift in Sources */,
				5FFC81C72C0784EF009DC5C1 /* WordFilterView.swift in Sources */,
				5FFC81CC2C079265009DC5C1 /* CustomSettingView.swift in Sources */,
				5FAC0EF22C05EB8700323BC8 /* WKWebViewUI.swift in Sources */,
				5FB3408C2C0596A8000B7A53 /* EditSpecialCharacterView.swift in Sources */,
				5FFC81C12C077B06009DC5C1 /* MainTabView.swift in Sources */,
			);
			runOnlyForDeploymentPostprocessing = 0;
		};
		5FB340582C0595CB000B7A53 /* Sources */ = {
			isa = PBXSourcesBuildPhase;
			buildActionMask = 2147483647;
			files = (
				5FB340612C0595CB000B7A53 /* K_SpamTests.swift in Sources */,
			);
			runOnlyForDeploymentPostprocessing = 0;
		};
		5FB340622C0595CB000B7A53 /* Sources */ = {
			isa = PBXSourcesBuildPhase;
			buildActionMask = 2147483647;
			files = (
				5FB3406B2C0595CB000B7A53 /* K_SpamUITests.swift in Sources */,
				5FB3406D2C0595CB000B7A53 /* K_SpamUITestsLaunchTests.swift in Sources */,
			);
			runOnlyForDeploymentPostprocessing = 0;
		};
		5FB340932C0599FE000B7A53 /* Sources */ = {
			isa = PBXSourcesBuildPhase;
			buildActionMask = 2147483647;
			files = (
				5FB3409A2C0599FE000B7A53 /* MessageFilterExtension.swift in Sources */,
				5FB340A42C059A8F000B7A53 /* FilterExtension.swift in Sources */,
				5FB340A52C059AC7000B7A53 /* UserDefaultsManager.swift in Sources */,
			);
			runOnlyForDeploymentPostprocessing = 0;
		};
/* End PBXSourcesBuildPhase section */

/* Begin PBXTargetDependency section */
		5FB3405E2C0595CB000B7A53 /* PBXTargetDependency */ = {
			isa = PBXTargetDependency;
			target = 5FB3404B2C0595CA000B7A53 /* K-Spam */;
			targetProxy = 5FB3405D2C0595CB000B7A53 /* PBXContainerItemProxy */;
		};
		5FB340682C0595CB000B7A53 /* PBXTargetDependency */ = {
			isa = PBXTargetDependency;
			target = 5FB3404B2C0595CA000B7A53 /* K-Spam */;
			targetProxy = 5FB340672C0595CB000B7A53 /* PBXContainerItemProxy */;
		};
		5FB3409D2C0599FE000B7A53 /* PBXTargetDependency */ = {
			isa = PBXTargetDependency;
			target = 5FB340962C0599FE000B7A53 /* K-SpamFilter */;
			targetProxy = 5FB3409C2C0599FE000B7A53 /* PBXContainerItemProxy */;
		};
/* End PBXTargetDependency section */

/* Begin XCBuildConfiguration section */
		5FB3406E2C0595CB000B7A53 /* Debug */ = {
			isa = XCBuildConfiguration;
			buildSettings = {
				ALWAYS_SEARCH_USER_PATHS = NO;
				ASSETCATALOG_COMPILER_GENERATE_SWIFT_ASSET_SYMBOL_EXTENSIONS = YES;
				CLANG_ANALYZER_NONNULL = YES;
				CLANG_ANALYZER_NUMBER_OBJECT_CONVERSION = YES_AGGRESSIVE;
				CLANG_CXX_LANGUAGE_STANDARD = "gnu++20";
				CLANG_ENABLE_MODULES = YES;
				CLANG_ENABLE_OBJC_ARC = YES;
				CLANG_ENABLE_OBJC_WEAK = YES;
				CLANG_WARN_BLOCK_CAPTURE_AUTORELEASING = YES;
				CLANG_WARN_BOOL_CONVERSION = YES;
				CLANG_WARN_COMMA = YES;
				CLANG_WARN_CONSTANT_CONVERSION = YES;
				CLANG_WARN_DEPRECATED_OBJC_IMPLEMENTATIONS = YES;
				CLANG_WARN_DIRECT_OBJC_ISA_USAGE = YES_ERROR;
				CLANG_WARN_DOCUMENTATION_COMMENTS = YES;
				CLANG_WARN_EMPTY_BODY = YES;
				CLANG_WARN_ENUM_CONVERSION = YES;
				CLANG_WARN_INFINITE_RECURSION = YES;
				CLANG_WARN_INT_CONVERSION = YES;
				CLANG_WARN_NON_LITERAL_NULL_CONVERSION = YES;
				CLANG_WARN_OBJC_IMPLICIT_RETAIN_SELF = YES;
				CLANG_WARN_OBJC_LITERAL_CONVERSION = YES;
				CLANG_WARN_OBJC_ROOT_CLASS = YES_ERROR;
				CLANG_WARN_QUOTED_INCLUDE_IN_FRAMEWORK_HEADER = YES;
				CLANG_WARN_RANGE_LOOP_ANALYSIS = YES;
				CLANG_WARN_STRICT_PROTOTYPES = YES;
				CLANG_WARN_SUSPICIOUS_MOVE = YES;
				CLANG_WARN_UNGUARDED_AVAILABILITY = YES_AGGRESSIVE;
				CLANG_WARN_UNREACHABLE_CODE = YES;
				CLANG_WARN__DUPLICATE_METHOD_MATCH = YES;
				COPY_PHASE_STRIP = NO;
				DEBUG_INFORMATION_FORMAT = dwarf;
				ENABLE_STRICT_OBJC_MSGSEND = YES;
				ENABLE_TESTABILITY = YES;
				ENABLE_USER_SCRIPT_SANDBOXING = YES;
				GCC_C_LANGUAGE_STANDARD = gnu17;
				GCC_DYNAMIC_NO_PIC = NO;
				GCC_NO_COMMON_BLOCKS = YES;
				GCC_OPTIMIZATION_LEVEL = 0;
				GCC_PREPROCESSOR_DEFINITIONS = (
					"DEBUG=1",
					"$(inherited)",
				);
				GCC_WARN_64_TO_32_BIT_CONVERSION = YES;
				GCC_WARN_ABOUT_RETURN_TYPE = YES_ERROR;
				GCC_WARN_UNDECLARED_SELECTOR = YES;
				GCC_WARN_UNINITIALIZED_AUTOS = YES_AGGRESSIVE;
				GCC_WARN_UNUSED_FUNCTION = YES;
				GCC_WARN_UNUSED_VARIABLE = YES;
				IPHONEOS_DEPLOYMENT_TARGET = 17.5;
				LOCALIZATION_PREFERS_STRING_CATALOGS = YES;
				MTL_ENABLE_DEBUG_INFO = INCLUDE_SOURCE;
				MTL_FAST_MATH = YES;
				ONLY_ACTIVE_ARCH = YES;
				SDKROOT = iphoneos;
				SWIFT_ACTIVE_COMPILATION_CONDITIONS = "DEBUG $(inherited)";
				SWIFT_OPTIMIZATION_LEVEL = "-Onone";
			};
			name = Debug;
		};
		5FB3406F2C0595CB000B7A53 /* Release */ = {
			isa = XCBuildConfiguration;
			buildSettings = {
				ALWAYS_SEARCH_USER_PATHS = NO;
				ASSETCATALOG_COMPILER_GENERATE_SWIFT_ASSET_SYMBOL_EXTENSIONS = YES;
				CLANG_ANALYZER_NONNULL = YES;
				CLANG_ANALYZER_NUMBER_OBJECT_CONVERSION = YES_AGGRESSIVE;
				CLANG_CXX_LANGUAGE_STANDARD = "gnu++20";
				CLANG_ENABLE_MODULES = YES;
				CLANG_ENABLE_OBJC_ARC = YES;
				CLANG_ENABLE_OBJC_WEAK = YES;
				CLANG_WARN_BLOCK_CAPTURE_AUTORELEASING = YES;
				CLANG_WARN_BOOL_CONVERSION = YES;
				CLANG_WARN_COMMA = YES;
				CLANG_WARN_CONSTANT_CONVERSION = YES;
				CLANG_WARN_DEPRECATED_OBJC_IMPLEMENTATIONS = YES;
				CLANG_WARN_DIRECT_OBJC_ISA_USAGE = YES_ERROR;
				CLANG_WARN_DOCUMENTATION_COMMENTS = YES;
				CLANG_WARN_EMPTY_BODY = YES;
				CLANG_WARN_ENUM_CONVERSION = YES;
				CLANG_WARN_INFINITE_RECURSION = YES;
				CLANG_WARN_INT_CONVERSION = YES;
				CLANG_WARN_NON_LITERAL_NULL_CONVERSION = YES;
				CLANG_WARN_OBJC_IMPLICIT_RETAIN_SELF = YES;
				CLANG_WARN_OBJC_LITERAL_CONVERSION = YES;
				CLANG_WARN_OBJC_ROOT_CLASS = YES_ERROR;
				CLANG_WARN_QUOTED_INCLUDE_IN_FRAMEWORK_HEADER = YES;
				CLANG_WARN_RANGE_LOOP_ANALYSIS = YES;
				CLANG_WARN_STRICT_PROTOTYPES = YES;
				CLANG_WARN_SUSPICIOUS_MOVE = YES;
				CLANG_WARN_UNGUARDED_AVAILABILITY = YES_AGGRESSIVE;
				CLANG_WARN_UNREACHABLE_CODE = YES;
				CLANG_WARN__DUPLICATE_METHOD_MATCH = YES;
				COPY_PHASE_STRIP = NO;
				DEBUG_INFORMATION_FORMAT = "dwarf-with-dsym";
				ENABLE_NS_ASSERTIONS = NO;
				ENABLE_STRICT_OBJC_MSGSEND = YES;
				ENABLE_USER_SCRIPT_SANDBOXING = YES;
				GCC_C_LANGUAGE_STANDARD = gnu17;
				GCC_NO_COMMON_BLOCKS = YES;
				GCC_WARN_64_TO_32_BIT_CONVERSION = YES;
				GCC_WARN_ABOUT_RETURN_TYPE = YES_ERROR;
				GCC_WARN_UNDECLARED_SELECTOR = YES;
				GCC_WARN_UNINITIALIZED_AUTOS = YES_AGGRESSIVE;
				GCC_WARN_UNUSED_FUNCTION = YES;
				GCC_WARN_UNUSED_VARIABLE = YES;
				IPHONEOS_DEPLOYMENT_TARGET = 17.5;
				LOCALIZATION_PREFERS_STRING_CATALOGS = YES;
				MTL_ENABLE_DEBUG_INFO = NO;
				MTL_FAST_MATH = YES;
				SDKROOT = iphoneos;
				SWIFT_COMPILATION_MODE = wholemodule;
				VALIDATE_PRODUCT = YES;
			};
			name = Release;
		};
		5FB340712C0595CB000B7A53 /* Debug */ = {
			isa = XCBuildConfiguration;
			buildSettings = {
				ALWAYS_EMBED_SWIFT_STANDARD_LIBRARIES = YES;
				ASSETCATALOG_COMPILER_APPICON_NAME = AppIcon;
				ASSETCATALOG_COMPILER_GLOBAL_ACCENT_COLOR_NAME = AccentColor;
				CODE_SIGN_ENTITLEMENTS = "K-Spam/K-Spam.entitlements";
				CODE_SIGN_STYLE = Automatic;
				CURRENT_PROJECT_VERSION = 1;
				DEVELOPMENT_ASSET_PATHS = "\"K-Spam/Preview Content\"";
				DEVELOPMENT_TEAM = P2UJWPTGRX;
				ENABLE_PREVIEWS = YES;
				GENERATE_INFOPLIST_FILE = YES;
				INFOPLIST_KEY_UIApplicationSceneManifest_Generation = YES;
				INFOPLIST_KEY_UIApplicationSupportsIndirectInputEvents = YES;
				INFOPLIST_KEY_UILaunchScreen_Generation = YES;
				INFOPLIST_KEY_UISupportedInterfaceOrientations = UIInterfaceOrientationPortrait;
				INFOPLIST_KEY_UISupportedInterfaceOrientations_iPad = "UIInterfaceOrientationLandscapeLeft UIInterfaceOrientationLandscapeRight UIInterfaceOrientationPortrait UIInterfaceOrientationPortraitUpsideDown";
				INFOPLIST_KEY_UIUserInterfaceStyle = Light;
				IPHONEOS_DEPLOYMENT_TARGET = 17.0;
				LD_RUNPATH_SEARCH_PATHS = (
					"$(inherited)",
					"@executable_path/Frameworks",
				);
				MARKETING_VERSION = 1.01;
				PRODUCT_BUNDLE_IDENTIFIER = "toby.app.K-Spam";
				PRODUCT_NAME = "$(TARGET_NAME)";
				SUPPORTED_PLATFORMS = "iphoneos iphonesimulator";
				SUPPORTS_MACCATALYST = NO;
				SUPPORTS_MAC_DESIGNED_FOR_IPHONE_IPAD = NO;
				SUPPORTS_XR_DESIGNED_FOR_IPHONE_IPAD = NO;
				SWIFT_EMIT_LOC_STRINGS = YES;
				SWIFT_VERSION = 5.0;
				TARGETED_DEVICE_FAMILY = 1;
			};
			name = Debug;
		};
		5FB340722C0595CB000B7A53 /* Release */ = {
			isa = XCBuildConfiguration;
			buildSettings = {
				ALWAYS_EMBED_SWIFT_STANDARD_LIBRARIES = YES;
				ASSETCATALOG_COMPILER_APPICON_NAME = AppIcon;
				ASSETCATALOG_COMPILER_GLOBAL_ACCENT_COLOR_NAME = AccentColor;
				CODE_SIGN_ENTITLEMENTS = "K-Spam/K-Spam.entitlements";
				CODE_SIGN_STYLE = Automatic;
				CURRENT_PROJECT_VERSION = 1;
				DEVELOPMENT_ASSET_PATHS = "\"K-Spam/Preview Content\"";
				DEVELOPMENT_TEAM = P2UJWPTGRX;
				ENABLE_PREVIEWS = YES;
				GENERATE_INFOPLIST_FILE = YES;
				INFOPLIST_KEY_UIApplicationSceneManifest_Generation = YES;
				INFOPLIST_KEY_UIApplicationSupportsIndirectInputEvents = YES;
				INFOPLIST_KEY_UILaunchScreen_Generation = YES;
				INFOPLIST_KEY_UISupportedInterfaceOrientations = UIInterfaceOrientationPortrait;
				INFOPLIST_KEY_UISupportedInterfaceOrientations_iPad = "UIInterfaceOrientationLandscapeLeft UIInterfaceOrientationLandscapeRight UIInterfaceOrientationPortrait UIInterfaceOrientationPortraitUpsideDown";
				INFOPLIST_KEY_UIUserInterfaceStyle = Light;
				IPHONEOS_DEPLOYMENT_TARGET = 17.0;
				LD_RUNPATH_SEARCH_PATHS = (
					"$(inherited)",
					"@executable_path/Frameworks",
				);
				MARKETING_VERSION = 1.01;
				PRODUCT_BUNDLE_IDENTIFIER = "toby.app.K-Spam";
				PRODUCT_NAME = "$(TARGET_NAME)";
				SUPPORTED_PLATFORMS = "iphoneos iphonesimulator";
				SUPPORTS_MACCATALYST = NO;
				SUPPORTS_MAC_DESIGNED_FOR_IPHONE_IPAD = NO;
				SUPPORTS_XR_DESIGNED_FOR_IPHONE_IPAD = NO;
				SWIFT_EMIT_LOC_STRINGS = YES;
				SWIFT_VERSION = 5.0;
				TARGETED_DEVICE_FAMILY = 1;
			};
			name = Release;
		};
		5FB340742C0595CB000B7A53 /* Debug */ = {
			isa = XCBuildConfiguration;
			buildSettings = {
				ALWAYS_EMBED_SWIFT_STANDARD_LIBRARIES = YES;
				BUNDLE_LOADER = "$(TEST_HOST)";
				CODE_SIGN_STYLE = Automatic;
				CURRENT_PROJECT_VERSION = 1;
				DEVELOPMENT_TEAM = P2UJWPTGRX;
				GENERATE_INFOPLIST_FILE = YES;
				IPHONEOS_DEPLOYMENT_TARGET = 17.5;
				MARKETING_VERSION = 1.0;
				PRODUCT_BUNDLE_IDENTIFIER = "toby.app.K-SpamTests";
				PRODUCT_NAME = "$(TARGET_NAME)";
				SWIFT_EMIT_LOC_STRINGS = NO;
				SWIFT_VERSION = 5.0;
				TARGETED_DEVICE_FAMILY = "1,2";
				TEST_HOST = "$(BUILT_PRODUCTS_DIR)/K-Spam.app/$(BUNDLE_EXECUTABLE_FOLDER_PATH)/K-Spam";
			};
			name = Debug;
		};
		5FB340752C0595CB000B7A53 /* Release */ = {
			isa = XCBuildConfiguration;
			buildSettings = {
				ALWAYS_EMBED_SWIFT_STANDARD_LIBRARIES = YES;
				BUNDLE_LOADER = "$(TEST_HOST)";
				CODE_SIGN_STYLE = Automatic;
				CURRENT_PROJECT_VERSION = 1;
				DEVELOPMENT_TEAM = P2UJWPTGRX;
				GENERATE_INFOPLIST_FILE = YES;
				IPHONEOS_DEPLOYMENT_TARGET = 17.5;
				MARKETING_VERSION = 1.0;
				PRODUCT_BUNDLE_IDENTIFIER = "toby.app.K-SpamTests";
				PRODUCT_NAME = "$(TARGET_NAME)";
				SWIFT_EMIT_LOC_STRINGS = NO;
				SWIFT_VERSION = 5.0;
				TARGETED_DEVICE_FAMILY = "1,2";
				TEST_HOST = "$(BUILT_PRODUCTS_DIR)/K-Spam.app/$(BUNDLE_EXECUTABLE_FOLDER_PATH)/K-Spam";
			};
			name = Release;
		};
		5FB340772C0595CB000B7A53 /* Debug */ = {
			isa = XCBuildConfiguration;
			buildSettings = {
				ALWAYS_EMBED_SWIFT_STANDARD_LIBRARIES = YES;
				CODE_SIGN_STYLE = Automatic;
				CURRENT_PROJECT_VERSION = 1;
				DEVELOPMENT_TEAM = P2UJWPTGRX;
				GENERATE_INFOPLIST_FILE = YES;
				MARKETING_VERSION = 1.0;
				PRODUCT_BUNDLE_IDENTIFIER = "toby.app.K-SpamUITests";
				PRODUCT_NAME = "$(TARGET_NAME)";
				SWIFT_EMIT_LOC_STRINGS = NO;
				SWIFT_VERSION = 5.0;
				TARGETED_DEVICE_FAMILY = "1,2";
				TEST_TARGET_NAME = "K-Spam";
			};
			name = Debug;
		};
		5FB340782C0595CB000B7A53 /* Release */ = {
			isa = XCBuildConfiguration;
			buildSettings = {
				ALWAYS_EMBED_SWIFT_STANDARD_LIBRARIES = YES;
				CODE_SIGN_STYLE = Automatic;
				CURRENT_PROJECT_VERSION = 1;
				DEVELOPMENT_TEAM = P2UJWPTGRX;
				GENERATE_INFOPLIST_FILE = YES;
				MARKETING_VERSION = 1.0;
				PRODUCT_BUNDLE_IDENTIFIER = "toby.app.K-SpamUITests";
				PRODUCT_NAME = "$(TARGET_NAME)";
				SWIFT_EMIT_LOC_STRINGS = NO;
				SWIFT_VERSION = 5.0;
				TARGETED_DEVICE_FAMILY = "1,2";
				TEST_TARGET_NAME = "K-Spam";
			};
			name = Release;
		};
		5FB340A02C0599FE000B7A53 /* Debug */ = {
			isa = XCBuildConfiguration;
			buildSettings = {
				CODE_SIGN_ENTITLEMENTS = "K-SpamFilter/K-SpamFilter.entitlements";
				CODE_SIGN_STYLE = Automatic;
				CURRENT_PROJECT_VERSION = 1;
				DEVELOPMENT_TEAM = P2UJWPTGRX;
				GENERATE_INFOPLIST_FILE = YES;
				INFOPLIST_FILE = "K-SpamFilter/Info.plist";
				INFOPLIST_KEY_CFBundleDisplayName = "K-SpamFilter";
				INFOPLIST_KEY_NSHumanReadableCopyright = "";
				IPHONEOS_DEPLOYMENT_TARGET = 17.0;
				LD_RUNPATH_SEARCH_PATHS = (
					"$(inherited)",
					"@executable_path/Frameworks",
					"@executable_path/../../Frameworks",
				);
				MARKETING_VERSION = 1.0;
				PRODUCT_BUNDLE_IDENTIFIER = "toby.app.K-Spam.K-SpamFilter";
				PRODUCT_NAME = "$(TARGET_NAME)";
				SKIP_INSTALL = YES;
				SUPPORTED_PLATFORMS = "iphoneos iphonesimulator";
				SUPPORTS_MACCATALYST = NO;
				SUPPORTS_MAC_DESIGNED_FOR_IPHONE_IPAD = NO;
				SUPPORTS_XR_DESIGNED_FOR_IPHONE_IPAD = NO;
				SWIFT_EMIT_LOC_STRINGS = YES;
				SWIFT_VERSION = 5.0;
				TARGETED_DEVICE_FAMILY = 1;
			};
			name = Debug;
		};
		5FB340A12C0599FE000B7A53 /* Release */ = {
			isa = XCBuildConfiguration;
			buildSettings = {
				CODE_SIGN_ENTITLEMENTS = "K-SpamFilter/K-SpamFilter.entitlements";
				CODE_SIGN_STYLE = Automatic;
				CURRENT_PROJECT_VERSION = 1;
				DEVELOPMENT_TEAM = P2UJWPTGRX;
				GENERATE_INFOPLIST_FILE = YES;
				INFOPLIST_FILE = "K-SpamFilter/Info.plist";
				INFOPLIST_KEY_CFBundleDisplayName = "K-SpamFilter";
				INFOPLIST_KEY_NSHumanReadableCopyright = "";
				IPHONEOS_DEPLOYMENT_TARGET = 17.0;
				LD_RUNPATH_SEARCH_PATHS = (
					"$(inherited)",
					"@executable_path/Frameworks",
					"@executable_path/../../Frameworks",
				);
				MARKETING_VERSION = 1.0;
				PRODUCT_BUNDLE_IDENTIFIER = "toby.app.K-Spam.K-SpamFilter";
				PRODUCT_NAME = "$(TARGET_NAME)";
				SKIP_INSTALL = YES;
				SUPPORTED_PLATFORMS = "iphoneos iphonesimulator";
				SUPPORTS_MACCATALYST = NO;
				SUPPORTS_MAC_DESIGNED_FOR_IPHONE_IPAD = NO;
				SUPPORTS_XR_DESIGNED_FOR_IPHONE_IPAD = NO;
				SWIFT_EMIT_LOC_STRINGS = YES;
				SWIFT_VERSION = 5.0;
				TARGETED_DEVICE_FAMILY = 1;
			};
			name = Release;
		};
/* End XCBuildConfiguration section */

/* Begin XCConfigurationList section */
		5FB340472C0595CA000B7A53 /* Build configuration list for PBXProject "K-Spam" */ = {
			isa = XCConfigurationList;
			buildConfigurations = (
				5FB3406E2C0595CB000B7A53 /* Debug */,
				5FB3406F2C0595CB000B7A53 /* Release */,
			);
			defaultConfigurationIsVisible = 0;
			defaultConfigurationName = Release;
		};
		5FB340702C0595CB000B7A53 /* Build configuration list for PBXNativeTarget "K-Spam" */ = {
			isa = XCConfigurationList;
			buildConfigurations = (
				5FB340712C0595CB000B7A53 /* Debug */,
				5FB340722C0595CB000B7A53 /* Release */,
			);
			defaultConfigurationIsVisible = 0;
			defaultConfigurationName = Release;
		};
		5FB340732C0595CB000B7A53 /* Build configuration list for PBXNativeTarget "K-SpamTests" */ = {
			isa = XCConfigurationList;
			buildConfigurations = (
				5FB340742C0595CB000B7A53 /* Debug */,
				5FB340752C0595CB000B7A53 /* Release */,
			);
			defaultConfigurationIsVisible = 0;
			defaultConfigurationName = Release;
		};
		5FB340762C0595CB000B7A53 /* Build configuration list for PBXNativeTarget "K-SpamUITests" */ = {
			isa = XCConfigurationList;
			buildConfigurations = (
				5FB340772C0595CB000B7A53 /* Debug */,
				5FB340782C0595CB000B7A53 /* Release */,
			);
			defaultConfigurationIsVisible = 0;
			defaultConfigurationName = Release;
		};
		5FB3409F2C0599FE000B7A53 /* Build configuration list for PBXNativeTarget "K-SpamFilter" */ = {
			isa = XCConfigurationList;
			buildConfigurations = (
				5FB340A02C0599FE000B7A53 /* Debug */,
				5FB340A12C0599FE000B7A53 /* Release */,
			);
			defaultConfigurationIsVisible = 0;
			defaultConfigurationName = Release;
		};
/* End XCConfigurationList section */

/* Begin XCRemoteSwiftPackageReference section */
		5FB340792C05965D000B7A53 /* XCRemoteSwiftPackageReference "lottie-ios" */ = {
			isa = XCRemoteSwiftPackageReference;
			repositoryURL = "https://github.com/airbnb/lottie-ios";
			requirement = {
				kind = upToNextMajorVersion;
				minimumVersion = 4.4.3;
			};
		};
/* End XCRemoteSwiftPackageReference section */

/* Begin XCSwiftPackageProductDependency section */
		5FB3407A2C05965D000B7A53 /* Lottie */ = {
			isa = XCSwiftPackageProductDependency;
			package = 5FB340792C05965D000B7A53 /* XCRemoteSwiftPackageReference "lottie-ios" */;
			productName = Lottie;
		};
/* End XCSwiftPackageProductDependency section */
	};
	rootObject = 5FB340442C0595CA000B7A53 /* Project object */;
}
